
Microsoft Visual Studio Solution File, Format Version 12.00
# Visual Studio Version 16
VisualStudioVersion = 16.0.30907.101
MinimumVisualStudioVersion = 10.0.40219.1
Project("{FAE04EC0-301F-11D3-BF4B-00C04F79EFBC}") = "WebApplication9", "WebApplication9\WebApplication9.csproj", "{8FC74092-751A-4A1E-B649-A07C11DFAA22}"
EndProject
Project("{FAE04EC0-301F-11D3-BF4B-00C04F79EFBC}") = "WebServiceConsumer", "WebServiceConsumer\WebServiceConsumer.csproj", "{BA3BA4DC-4ED8-4EA3-BA38-E936CA0BFCDE}"
EndProject
Global
	GlobalSection(SolutionConfigurationPlatforms) = preSolution
		Debug|Any CPU = Debug|Any CPU
		Release|Any CPU = Release|Any CPU
	EndGlobalSection
	GlobalSection(ProjectConfigurationPlatforms) = postSolution
		{8FC74092-751A-4A1E-B649-A07C11DFAA22}.Debug|Any CPU.ActiveCfg = Debug|Any CPU
		{8FC74092-751A-4A1E-B649-A07C11DFAA22}.Debug|Any CPU.Build.0 = Debug|Any CPU
		{8FC74092-751A-4A1E-B649-A07C11DFAA22}.Release|Any CPU.ActiveCfg = Release|Any CPU
		{8FC74092-751A-4A1E-B649-A07C11DFAA22}.Release|Any CPU.Build.0 = Release|Any CPU
		{BA3BA4DC-4ED8-4EA3-BA38-E936CA0BFCDE}.Debug|Any CPU.ActiveCfg = Debug|Any CPU
		{BA3BA4DC-4ED8-4EA3-BA38-E936CA0BFCDE}.Debug|Any CPU.Build.0 = Debug|Any CPU
		{BA3BA4DC-4ED8-4EA3-BA38-E936CA0BFCDE}.Release|Any CPU.ActiveCfg = Release|Any CPU
		{BA3BA4DC-4ED8-4EA3-BA38-E936CA0BFCDE}.Release|Any CPU.Build.0 = Release|Any CPU
	EndGlobalSection
	GlobalSection(SolutionProperties) = preSolution
		HideSolutionNode = FALSE
	EndGlobalSection
	GlobalSection(ExtensibilityGlobals) = postSolution
		SolutionGuid = {A3BAD17B-DF13-4BFD-8691-7F750DF9167D}
	EndGlobalSection
EndGlobal
